
Microsoft Visual Studio Solution File, Format Version 12.00
# Visual Studio 2013
VisualStudioVersion = 12.0.21005.1
MinimumVisualStudioVersion = 10.0.40219.1
Project("{FAE04EC0-301F-11D3-BF4B-00C04F79EFBC}") = "CompareSortAlgorithms", "CompareSortAlgorithms\CompareSortAlgorithms.csproj", "{DFCFC55B-4A71-44AF-9FDA-1539612E76AF}"
EndProject
Project("{FAE04EC0-301F-11D3-BF4B-00C04F79EFBC}") = "BubbleSort", "BubbleSort\BubbleSort.csproj", "{5B91973F-972B-4559-BF79-BAE134697B86}"
EndProject
Project("{FAE04EC0-301F-11D3-BF4B-00C04F79EFBC}") = "BubbleSort.Tests", "BubbleSort.Tests\BubbleSort.Tests.csproj", "{71C4E1C3-A8C6-4DB9-8790-B202FF393E3F}"
EndProject
Project("{FAE04EC0-301F-11D3-BF4B-00C04F79EFBC}") = "TestHelpers", "TestHelpers\TestHelpers.csproj", "{74843A1D-8D7A-4D07-9EC9-58B99EFB1AF2}"
EndProject
Project("{FAE04EC0-301F-11D3-BF4B-00C04F79EFBC}") = "SelectionSort", "SelectionSort\SelectionSort.csproj", "{14D18D09-3B7F-4C09-9073-92A3292A599C}"
EndProject
Project("{FAE04EC0-301F-11D3-BF4B-00C04F79EFBC}") = "SelectionSortTests", "SelectionSortTests\SelectionSortTests.csproj", "{F56F2907-AB90-4A8C-BB83-D609E1D7D099}"
EndProject
Project("{FAE04EC0-301F-11D3-BF4B-00C04F79EFBC}") = "KalsTimer", "KalsTimer\KalsTimer.csproj", "{FC043DFA-F97C-4180-A413-7C035C8D0200}"
EndProject
Project("{FAE04EC0-301F-11D3-BF4B-00C04F79EFBC}") = "InsertionSort", "InsertionSort\InsertionSort.csproj", "{C8BE9A6A-B0EC-45EC-B978-EEEF9FF4C71A}"
EndProject
Project("{FAE04EC0-301F-11D3-BF4B-00C04F79EFBC}") = "InsertionSort.Test", "InsertionSort.Test\InsertionSort.Test.csproj", "{724D2B8F-5FF1-4F51-8F14-B769CA3BD81F}"
EndProject
Project("{FAE04EC0-301F-11D3-BF4B-00C04F79EFBC}") = "MergeSort", "MergeSort\MergeSort.csproj", "{E060C603-F008-4C6D-85E2-89022A4BAD48}"
EndProject
Project("{FAE04EC0-301F-11D3-BF4B-00C04F79EFBC}") = "MergeSortTests", "MergeSortTests\MergeSortTests.csproj", "{8E4AD1DD-518B-4591-9B39-D26130EEE4AF}"
EndProject
Project("{FAE04EC0-301F-11D3-BF4B-00C04F79EFBC}") = "CountingArray", "CountingArray\CountingArray.csproj", "{71B232F1-2667-4965-9B18-67760D396A75}"
EndProject
Project("{FAE04EC0-301F-11D3-BF4B-00C04F79EFBC}") = "RadixSort", "RadixSort\RadixSort.csproj", "{3A2D97AD-CC57-4EC2-B98B-406805C1F038}"
EndProject
Project("{FAE04EC0-301F-11D3-BF4B-00C04F79EFBC}") = "RadixSort.Tests", "RadixSortTests\RadixSort.Tests.csproj", "{1DDD643B-07EF-49F8-BB1C-C444DD437AF9}"
EndProject
Project("{FAE04EC0-301F-11D3-BF4B-00C04F79EFBC}") = "ShellSort", "ShellSort\ShellSort.csproj", "{AC35A8C7-A067-482E-A057-4F2790AC3127}"
EndProject
Project("{FAE04EC0-301F-11D3-BF4B-00C04F79EFBC}") = "ShellSort.Tests", "ShellSort.Tests\ShellSort.Tests.csproj", "{E7173445-EF2C-4809-8270-BAFE374A1511}"
EndProject
Project("{FAE04EC0-301F-11D3-BF4B-00C04F79EFBC}") = "HeapSort", "HeapSort\HeapSort.csproj", "{F02C0C66-23EE-4F7F-9A47-2C57EAB9968A}"
EndProject
Project("{FAE04EC0-301F-11D3-BF4B-00C04F79EFBC}") = "HeapSort.Tests", "HeapSort.Tests\HeapSort.Tests.csproj", "{FB69AC46-2DA7-469E-BE12-1FB3508EC130}"
EndProject
Project("{FAE04EC0-301F-11D3-BF4B-00C04F79EFBC}") = "Quicksort", "Quicksort\Quicksort.csproj", "{022FA2B0-1D94-48A4-85B1-BB34A8CCE8FA}"
EndProject
Project("{FAE04EC0-301F-11D3-BF4B-00C04F79EFBC}") = "QuickSort.Tests", "QuickSort.Tests\QuickSort.Tests.csproj", "{6C955B37-4ECA-48F3-97DC-5D3C6EEC459A}"
EndProject
Global
	GlobalSection(SolutionConfigurationPlatforms) = preSolution
		Debug|Any CPU = Debug|Any CPU
		Release|Any CPU = Release|Any CPU
	EndGlobalSection
	GlobalSection(ProjectConfigurationPlatforms) = postSolution
		{DFCFC55B-4A71-44AF-9FDA-1539612E76AF}.Debug|Any CPU.ActiveCfg = Debug|Any CPU
		{DFCFC55B-4A71-44AF-9FDA-1539612E76AF}.Debug|Any CPU.Build.0 = Debug|Any CPU
		{DFCFC55B-4A71-44AF-9FDA-1539612E76AF}.Release|Any CPU.ActiveCfg = Release|Any CPU
		{DFCFC55B-4A71-44AF-9FDA-1539612E76AF}.Release|Any CPU.Build.0 = Release|Any CPU
		{5B91973F-972B-4559-BF79-BAE134697B86}.Debug|Any CPU.ActiveCfg = Debug|Any CPU
		{5B91973F-972B-4559-BF79-BAE134697B86}.Debug|Any CPU.Build.0 = Debug|Any CPU
		{5B91973F-972B-4559-BF79-BAE134697B86}.Release|Any CPU.ActiveCfg = Release|Any CPU
		{5B91973F-972B-4559-BF79-BAE134697B86}.Release|Any CPU.Build.0 = Release|Any CPU
		{71C4E1C3-A8C6-4DB9-8790-B202FF393E3F}.Debug|Any CPU.ActiveCfg = Debug|Any CPU
		{71C4E1C3-A8C6-4DB9-8790-B202FF393E3F}.Debug|Any CPU.Build.0 = Debug|Any CPU
		{71C4E1C3-A8C6-4DB9-8790-B202FF393E3F}.Release|Any CPU.ActiveCfg = Release|Any CPU
		{71C4E1C3-A8C6-4DB9-8790-B202FF393E3F}.Release|Any CPU.Build.0 = Release|Any CPU
		{74843A1D-8D7A-4D07-9EC9-58B99EFB1AF2}.Debug|Any CPU.ActiveCfg = Debug|Any CPU
		{74843A1D-8D7A-4D07-9EC9-58B99EFB1AF2}.Debug|Any CPU.Build.0 = Debug|Any CPU
		{74843A1D-8D7A-4D07-9EC9-58B99EFB1AF2}.Release|Any CPU.ActiveCfg = Release|Any CPU
		{74843A1D-8D7A-4D07-9EC9-58B99EFB1AF2}.Release|Any CPU.Build.0 = Release|Any CPU
		{14D18D09-3B7F-4C09-9073-92A3292A599C}.Debug|Any CPU.ActiveCfg = Debug|Any CPU
		{14D18D09-3B7F-4C09-9073-92A3292A599C}.Debug|Any CPU.Build.0 = Debug|Any CPU
		{14D18D09-3B7F-4C09-9073-92A3292A599C}.Release|Any CPU.ActiveCfg = Release|Any CPU
		{14D18D09-3B7F-4C09-9073-92A3292A599C}.Release|Any CPU.Build.0 = Release|Any CPU
		{F56F2907-AB90-4A8C-BB83-D609E1D7D099}.Debug|Any CPU.ActiveCfg = Debug|Any CPU
		{F56F2907-AB90-4A8C-BB83-D609E1D7D099}.Debug|Any CPU.Build.0 = Debug|Any CPU
		{F56F2907-AB90-4A8C-BB83-D609E1D7D099}.Release|Any CPU.ActiveCfg = Release|Any CPU
		{F56F2907-AB90-4A8C-BB83-D609E1D7D099}.Release|Any CPU.Build.0 = Release|Any CPU
		{FC043DFA-F97C-4180-A413-7C035C8D0200}.Debug|Any CPU.ActiveCfg = Debug|Any CPU
		{FC043DFA-F97C-4180-A413-7C035C8D0200}.Debug|Any CPU.Build.0 = Debug|Any CPU
		{FC043DFA-F97C-4180-A413-7C035C8D0200}.Release|Any CPU.ActiveCfg = Release|Any CPU
		{FC043DFA-F97C-4180-A413-7C035C8D0200}.Release|Any CPU.Build.0 = Release|Any CPU
		{C8BE9A6A-B0EC-45EC-B978-EEEF9FF4C71A}.Debug|Any CPU.ActiveCfg = Debug|Any CPU
		{C8BE9A6A-B0EC-45EC-B978-EEEF9FF4C71A}.Debug|Any CPU.Build.0 = Debug|Any CPU
		{C8BE9A6A-B0EC-45EC-B978-EEEF9FF4C71A}.Release|Any CPU.ActiveCfg = Release|Any CPU
		{C8BE9A6A-B0EC-45EC-B978-EEEF9FF4C71A}.Release|Any CPU.Build.0 = Release|Any CPU
		{724D2B8F-5FF1-4F51-8F14-B769CA3BD81F}.Debug|Any CPU.ActiveCfg = Debug|Any CPU
		{724D2B8F-5FF1-4F51-8F14-B769CA3BD81F}.Debug|Any CPU.Build.0 = Debug|Any CPU
		{724D2B8F-5FF1-4F51-8F14-B769CA3BD81F}.Release|Any CPU.ActiveCfg = Release|Any CPU
		{724D2B8F-5FF1-4F51-8F14-B769CA3BD81F}.Release|Any CPU.Build.0 = Release|Any CPU
		{E060C603-F008-4C6D-85E2-89022A4BAD48}.Debug|Any CPU.ActiveCfg = Debug|Any CPU
		{E060C603-F008-4C6D-85E2-89022A4BAD48}.Debug|Any CPU.Build.0 = Debug|Any CPU
		{E060C603-F008-4C6D-85E2-89022A4BAD48}.Release|Any CPU.ActiveCfg = Release|Any CPU
		{E060C603-F008-4C6D-85E2-89022A4BAD48}.Release|Any CPU.Build.0 = Release|Any CPU
		{8E4AD1DD-518B-4591-9B39-D26130EEE4AF}.Debug|Any CPU.ActiveCfg = Debug|Any CPU
		{8E4AD1DD-518B-4591-9B39-D26130EEE4AF}.Debug|Any CPU.Build.0 = Debug|Any CPU
		{8E4AD1DD-518B-4591-9B39-D26130EEE4AF}.Release|Any CPU.ActiveCfg = Release|Any CPU
		{8E4AD1DD-518B-4591-9B39-D26130EEE4AF}.Release|Any CPU.Build.0 = Release|Any CPU
		{71B232F1-2667-4965-9B18-67760D396A75}.Debug|Any CPU.ActiveCfg = Debug|Any CPU
		{71B232F1-2667-4965-9B18-67760D396A75}.Debug|Any CPU.Build.0 = Debug|Any CPU
		{71B232F1-2667-4965-9B18-67760D396A75}.Release|Any CPU.ActiveCfg = Release|Any CPU
		{71B232F1-2667-4965-9B18-67760D396A75}.Release|Any CPU.Build.0 = Release|Any CPU
		{3A2D97AD-CC57-4EC2-B98B-406805C1F038}.Debug|Any CPU.ActiveCfg = Debug|Any CPU
		{3A2D97AD-CC57-4EC2-B98B-406805C1F038}.Debug|Any CPU.Build.0 = Debug|Any CPU
		{3A2D97AD-CC57-4EC2-B98B-406805C1F038}.Release|Any CPU.ActiveCfg = Release|Any CPU
		{3A2D97AD-CC57-4EC2-B98B-406805C1F038}.Release|Any CPU.Build.0 = Release|Any CPU
		{1DDD643B-07EF-49F8-BB1C-C444DD437AF9}.Debug|Any CPU.ActiveCfg = Debug|Any CPU
		{1DDD643B-07EF-49F8-BB1C-C444DD437AF9}.Debug|Any CPU.Build.0 = Debug|Any CPU
		{1DDD643B-07EF-49F8-BB1C-C444DD437AF9}.Release|Any CPU.ActiveCfg = Release|Any CPU
		{1DDD643B-07EF-49F8-BB1C-C444DD437AF9}.Release|Any CPU.Build.0 = Release|Any CPU
		{AC35A8C7-A067-482E-A057-4F2790AC3127}.Debug|Any CPU.ActiveCfg = Debug|Any CPU
		{AC35A8C7-A067-482E-A057-4F2790AC3127}.Debug|Any CPU.Build.0 = Debug|Any CPU
		{AC35A8C7-A067-482E-A057-4F2790AC3127}.Release|Any CPU.ActiveCfg = Release|Any CPU
		{AC35A8C7-A067-482E-A057-4F2790AC3127}.Release|Any CPU.Build.0 = Release|Any CPU
		{E7173445-EF2C-4809-8270-BAFE374A1511}.Debug|Any CPU.ActiveCfg = Debug|Any CPU
		{E7173445-EF2C-4809-8270-BAFE374A1511}.Debug|Any CPU.Build.0 = Debug|Any CPU
		{E7173445-EF2C-4809-8270-BAFE374A1511}.Release|Any CPU.ActiveCfg = Release|Any CPU
		{E7173445-EF2C-4809-8270-BAFE374A1511}.Release|Any CPU.Build.0 = Release|Any CPU
		{F02C0C66-23EE-4F7F-9A47-2C57EAB9968A}.Debug|Any CPU.ActiveCfg = Debug|Any CPU
		{F02C0C66-23EE-4F7F-9A47-2C57EAB9968A}.Debug|Any CPU.Build.0 = Debug|Any CPU
		{F02C0C66-23EE-4F7F-9A47-2C57EAB9968A}.Release|Any CPU.ActiveCfg = Release|Any CPU
		{F02C0C66-23EE-4F7F-9A47-2C57EAB9968A}.Release|Any CPU.Build.0 = Release|Any CPU
		{FB69AC46-2DA7-469E-BE12-1FB3508EC130}.Debug|Any CPU.ActiveCfg = Debug|Any CPU
		{FB69AC46-2DA7-469E-BE12-1FB3508EC130}.Debug|Any CPU.Build.0 = Debug|Any CPU
		{FB69AC46-2DA7-469E-BE12-1FB3508EC130}.Release|Any CPU.ActiveCfg = Release|Any CPU
		{FB69AC46-2DA7-469E-BE12-1FB3508EC130}.Release|Any CPU.Build.0 = Release|Any CPU
		{022FA2B0-1D94-48A4-85B1-BB34A8CCE8FA}.Debug|Any CPU.ActiveCfg = Debug|Any CPU
		{022FA2B0-1D94-48A4-85B1-BB34A8CCE8FA}.Debug|Any CPU.Build.0 = Debug|Any CPU
		{022FA2B0-1D94-48A4-85B1-BB34A8CCE8FA}.Release|Any CPU.ActiveCfg = Release|Any CPU
		{022FA2B0-1D94-48A4-85B1-BB34A8CCE8FA}.Release|Any CPU.Build.0 = Release|Any CPU
		{6C955B37-4ECA-48F3-97DC-5D3C6EEC459A}.Debug|Any CPU.ActiveCfg = Debug|Any CPU
		{6C955B37-4ECA-48F3-97DC-5D3C6EEC459A}.Debug|Any CPU.Build.0 = Debug|Any CPU
		{6C955B37-4ECA-48F3-97DC-5D3C6EEC459A}.Release|Any CPU.ActiveCfg = Release|Any CPU
		{6C955B37-4ECA-48F3-97DC-5D3C6EEC459A}.Release|Any CPU.Build.0 = Release|Any CPU
	EndGlobalSection
	GlobalSection(SolutionProperties) = preSolution
		HideSolutionNode = FALSE
	EndGlobalSection
EndGlobal
